// !$*UTF8*$!
{
	archiveVersion = 1;
	classes = {
	};
	objectVersion = 55;
	objects = {

/* Begin PBXBuildFile section */
		520D7A8B2845C0B100C8B804 /* ContactsViewModel.swift in Sources */ = {isa = PBXBuildFile; fileRef = 520D7A8A2845C0B100C8B804 /* ContactsViewModel.swift */; };
		520D7A8D2845C55A00C8B804 /* User.swift in Sources */ = {isa = PBXBuildFile; fileRef = 520D7A8C2845C55A00C8B804 /* User.swift */; };
		520D7A8F2845C64100C8B804 /* DatabaseService.swift in Sources */ = {isa = PBXBuildFile; fileRef = 520D7A8E2845C64100C8B804 /* DatabaseService.swift */; };
		520D7A912845C91C00C8B804 /* TextHelper.swift in Sources */ = {isa = PBXBuildFile; fileRef = 520D7A902845C91C00C8B804 /* TextHelper.swift */; };
		5238FB182857ACC400BF7B52 /* ContactRow.swift in Sources */ = {isa = PBXBuildFile; fileRef = 5238FB172857ACC400BF7B52 /* ContactRow.swift */; };
		523C0CC62844B09D002A84B1 /* OnboardingContainerView.swift in Sources */ = {isa = PBXBuildFile; fileRef = 523C0CC52844B09D002A84B1 /* OnboardingContainerView.swift */; };
		523C0CC82844B1AA002A84B1 /* WelcomeView.swift in Sources */ = {isa = PBXBuildFile; fileRef = 523C0CC72844B1AA002A84B1 /* WelcomeView.swift */; };
		523C0CCA2844B1B8002A84B1 /* PhoneNumberView.swift in Sources */ = {isa = PBXBuildFile; fileRef = 523C0CC92844B1B8002A84B1 /* PhoneNumberView.swift */; };
		523C0CCC2844B1C5002A84B1 /* VerificationView.swift in Sources */ = {isa = PBXBuildFile; fileRef = 523C0CCB2844B1C5002A84B1 /* VerificationView.swift */; };
		523C0CCE2844B1CF002A84B1 /* ProfileView.swift in Sources */ = {isa = PBXBuildFile; fileRef = 523C0CCD2844B1CF002A84B1 /* ProfileView.swift */; };
		523C0CD02844B1DC002A84B1 /* SyncContactsView.swift in Sources */ = {isa = PBXBuildFile; fileRef = 523C0CCF2844B1DC002A84B1 /* SyncContactsView.swift */; };
		523C0CD42844B4E3002A84B1 /* OnboardingButtonsStyle.swift in Sources */ = {isa = PBXBuildFile; fileRef = 523C0CD32844B4E3002A84B1 /* OnboardingButtonsStyle.swift */; };
		523C0CD62844BE74002A84B1 /* CreateProfileTextFieldStyle.swift in Sources */ = {isa = PBXBuildFile; fileRef = 523C0CD52844BE74002A84B1 /* CreateProfileTextFieldStyle.swift */; };
		524D7E422868E7CB006DAA3D /* DateHelper.swift in Sources */ = {isa = PBXBuildFile; fileRef = 524D7E412868E7CB006DAA3D /* DateHelper.swift */; };
		5253D3A72840BBA40005BDF3 /* ChatApp.swift in Sources */ = {isa = PBXBuildFile; fileRef = 5253D3A62840BBA40005BDF3 /* ChatApp.swift */; };
		5253D3A92840BBA40005BDF3 /* RootView.swift in Sources */ = {isa = PBXBuildFile; fileRef = 5253D3A82840BBA40005BDF3 /* RootView.swift */; };
		5253D3AB2840BBA60005BDF3 /* Assets.xcassets in Resources */ = {isa = PBXBuildFile; fileRef = 5253D3AA2840BBA60005BDF3 /* Assets.xcassets */; };
		5253D3AE2840BBA60005BDF3 /* Preview Assets.xcassets in Resources */ = {isa = PBXBuildFile; fileRef = 5253D3AD2840BBA60005BDF3 /* Preview Assets.xcassets */; };
		5253D3BD2840C4900005BDF3 /* LexendDeca-SemiBold.ttf in Resources */ = {isa = PBXBuildFile; fileRef = 5253D3BA2840C4900005BDF3 /* LexendDeca-SemiBold.ttf */; };
		5253D3BE2840C4900005BDF3 /* LexendDeca-Bold.ttf in Resources */ = {isa = PBXBuildFile; fileRef = 5253D3BB2840C4900005BDF3 /* LexendDeca-Bold.ttf */; };
		5253D3BF2840C4900005BDF3 /* LexendDeca-Regular.ttf in Resources */ = {isa = PBXBuildFile; fileRef = 5253D3BC2840C4900005BDF3 /* LexendDeca-Regular.ttf */; };
		5253D3C22840C63E0005BDF3 /* Fonts.swift in Sources */ = {isa = PBXBuildFile; fileRef = 5253D3C12840C63E0005BDF3 /* Fonts.swift */; };
		5262064F28762737009C1170 /* CacheService.swift in Sources */ = {isa = PBXBuildFile; fileRef = 5262064E28762737009C1170 /* CacheService.swift */; };
		5263F89A28721F02009B459D /* ChatListRow.swift in Sources */ = {isa = PBXBuildFile; fileRef = 5263F89928721F02009B459D /* ChatListRow.swift */; };
		528E12A7284C052C0095A77A /* ImagePicker.swift in Sources */ = {isa = PBXBuildFile; fileRef = 528E12A6284C052C0095A77A /* ImagePicker.swift */; };
		52ABBB53285FB5D500A1D4E8 /* Chat.swift in Sources */ = {isa = PBXBuildFile; fileRef = 52ABBB52285FB5D500A1D4E8 /* Chat.swift */; };
		52C5F8A12843152900F1FA4C /* GoogleService-Info.plist in Resources */ = {isa = PBXBuildFile; fileRef = 52C5F8A02843152900F1FA4C /* GoogleService-Info.plist */; };
		52C5F8A42843161100F1FA4C /* FirebaseAuth in Frameworks */ = {isa = PBXBuildFile; productRef = 52C5F8A32843161100F1FA4C /* FirebaseAuth */; };
		52C5F8A62843161100F1FA4C /* FirebaseFirestore in Frameworks */ = {isa = PBXBuildFile; productRef = 52C5F8A52843161100F1FA4C /* FirebaseFirestore */; };
		52C5F8A82843161100F1FA4C /* FirebaseFirestoreSwift in Frameworks */ = {isa = PBXBuildFile; productRef = 52C5F8A72843161100F1FA4C /* FirebaseFirestoreSwift */; };
		52C5F8AA2843161100F1FA4C /* FirebaseStorage in Frameworks */ = {isa = PBXBuildFile; productRef = 52C5F8A92843161100F1FA4C /* FirebaseStorage */; };
		52C5F8AC284316BE00F1FA4C /* AppDelegate.swift in Sources */ = {isa = PBXBuildFile; fileRef = 52C5F8AB284316BE00F1FA4C /* AppDelegate.swift */; };
		52C5F8AF28431FD300F1FA4C /* AuthViewModel.swift in Sources */ = {isa = PBXBuildFile; fileRef = 52C5F8AE28431FD300F1FA4C /* AuthViewModel.swift */; };
		52E21815285E4FE100563AC2 /* ConversationView.swift in Sources */ = {isa = PBXBuildFile; fileRef = 52E21814285E4FE100563AC2 /* ConversationView.swift */; };
		52E2181A285E534700563AC2 /* ProfilePicView.swift in Sources */ = {isa = PBXBuildFile; fileRef = 52E21819285E534700563AC2 /* ProfilePicView.swift */; };
		52E2181C285E5DAC00563AC2 /* RoundedCornerExtension.swift in Sources */ = {isa = PBXBuildFile; fileRef = 52E2181B285E5DAC00563AC2 /* RoundedCornerExtension.swift */; };
		52EA6DAA2861088A001C3BB5 /* ChatViewModel.swift in Sources */ = {isa = PBXBuildFile; fileRef = 52EA6DA92861088A001C3BB5 /* ChatViewModel.swift */; };
		52F37F9228420EAE00A98379 /* CustomTabBar.swift in Sources */ = {isa = PBXBuildFile; fileRef = 52F37F9128420EAE00A98379 /* CustomTabBar.swift */; };
		52F37F942842141000A98379 /* TabBarButton.swift in Sources */ = {isa = PBXBuildFile; fileRef = 52F37F932842141000A98379 /* TabBarButton.swift */; };
		52FA64B628566707005CC0DA /* ContactsListView.swift in Sources */ = {isa = PBXBuildFile; fileRef = 52FA64B528566707005CC0DA /* ContactsListView.swift */; };
		52FA64B828566719005CC0DA /* ChatsListView.swift in Sources */ = {isa = PBXBuildFile; fileRef = 52FA64B728566719005CC0DA /* ChatsListView.swift */; };
/* End PBXBuildFile section */

/* Begin PBXFileReference section */
		520D7A8A2845C0B100C8B804 /* ContactsViewModel.swift */ = {isa = PBXFileReference; lastKnownFileType = sourcecode.swift; path = ContactsViewModel.swift; sourceTree = "<group>"; };
		520D7A8C2845C55A00C8B804 /* User.swift */ = {isa = PBXFileReference; lastKnownFileType = sourcecode.swift; path = User.swift; sourceTree = "<group>"; };
		520D7A8E2845C64100C8B804 /* DatabaseService.swift */ = {isa = PBXFileReference; lastKnownFileType = sourcecode.swift; path = DatabaseService.swift; sourceTree = "<group>"; };
		520D7A902845C91C00C8B804 /* TextHelper.swift */ = {isa = PBXFileReference; lastKnownFileType = sourcecode.swift; path = TextHelper.swift; sourceTree = "<group>"; };
		5238FB172857ACC400BF7B52 /* ContactRow.swift */ = {isa = PBXFileReference; lastKnownFileType = sourcecode.swift; path = ContactRow.swift; sourceTree = "<group>"; };
		523C0CC52844B09D002A84B1 /* OnboardingContainerView.swift */ = {isa = PBXFileReference; lastKnownFileType = sourcecode.swift; path = OnboardingContainerView.swift; sourceTree = "<group>"; };
		523C0CC72844B1AA002A84B1 /* WelcomeView.swift */ = {isa = PBXFileReference; lastKnownFileType = sourcecode.swift; path = WelcomeView.swift; sourceTree = "<group>"; };
		523C0CC92844B1B8002A84B1 /* PhoneNumberView.swift */ = {isa = PBXFileReference; lastKnownFileType = sourcecode.swift; path = PhoneNumberView.swift; sourceTree = "<group>"; };
		523C0CCB2844B1C5002A84B1 /* VerificationView.swift */ = {isa = PBXFileReference; lastKnownFileType = sourcecode.swift; path = VerificationView.swift; sourceTree = "<group>"; };
		523C0CCD2844B1CF002A84B1 /* ProfileView.swift */ = {isa = PBXFileReference; lastKnownFileType = sourcecode.swift; path = ProfileView.swift; sourceTree = "<group>"; };
		523C0CCF2844B1DC002A84B1 /* SyncContactsView.swift */ = {isa = PBXFileReference; lastKnownFileType = sourcecode.swift; path = SyncContactsView.swift; sourceTree = "<group>"; };
		523C0CD32844B4E3002A84B1 /* OnboardingButtonsStyle.swift */ = {isa = PBXFileReference; lastKnownFileType = sourcecode.swift; path = OnboardingButtonsStyle.swift; sourceTree = "<group>"; };
		523C0CD52844BE74002A84B1 /* CreateProfileTextFieldStyle.swift */ = {isa = PBXFileReference; lastKnownFileType = sourcecode.swift; path = CreateProfileTextFieldStyle.swift; sourceTree = "<group>"; };
		524D7E412868E7CB006DAA3D /* DateHelper.swift */ = {isa = PBXFileReference; lastKnownFileType = sourcecode.swift; path = DateHelper.swift; sourceTree = "<group>"; };
		5253D3A32840BBA40005BDF3 /* ChatApp.app */ = {isa = PBXFileReference; explicitFileType = wrapper.application; includeInIndex = 0; path = ChatApp.app; sourceTree = BUILT_PRODUCTS_DIR; };
		5253D3A62840BBA40005BDF3 /* ChatApp.swift */ = {isa = PBXFileReference; lastKnownFileType = sourcecode.swift; path = ChatApp.swift; sourceTree = "<group>"; };
		5253D3A82840BBA40005BDF3 /* RootView.swift */ = {isa = PBXFileReference; lastKnownFileType = sourcecode.swift; path = RootView.swift; sourceTree = "<group>"; };
		5253D3AA2840BBA60005BDF3 /* Assets.xcassets */ = {isa = PBXFileReference; lastKnownFileType = folder.assetcatalog; path = Assets.xcassets; sourceTree = "<group>"; };
		5253D3AD2840BBA60005BDF3 /* Preview Assets.xcassets */ = {isa = PBXFileReference; lastKnownFileType = folder.assetcatalog; path = "Preview Assets.xcassets"; sourceTree = "<group>"; };
		5253D3BA2840C4900005BDF3 /* LexendDeca-SemiBold.ttf */ = {isa = PBXFileReference; lastKnownFileType = file; path = "LexendDeca-SemiBold.ttf"; sourceTree = "<group>"; };
		5253D3BB2840C4900005BDF3 /* LexendDeca-Bold.ttf */ = {isa = PBXFileReference; lastKnownFileType = file; path = "LexendDeca-Bold.ttf"; sourceTree = "<group>"; };
		5253D3BC2840C4900005BDF3 /* LexendDeca-Regular.ttf */ = {isa = PBXFileReference; lastKnownFileType = file; path = "LexendDeca-Regular.ttf"; sourceTree = "<group>"; };
		5253D3C02840C4AF0005BDF3 /* Info.plist */ = {isa = PBXFileReference; lastKnownFileType = text.plist; path = Info.plist; sourceTree = "<group>"; };
		5253D3C12840C63E0005BDF3 /* Fonts.swift */ = {isa = PBXFileReference; lastKnownFileType = sourcecode.swift; path = Fonts.swift; sourceTree = "<group>"; };
		5262064E28762737009C1170 /* CacheService.swift */ = {isa = PBXFileReference; lastKnownFileType = sourcecode.swift; path = CacheService.swift; sourceTree = "<group>"; };
		5263F89928721F02009B459D /* ChatListRow.swift */ = {isa = PBXFileReference; lastKnownFileType = sourcecode.swift; path = ChatListRow.swift; sourceTree = "<group>"; };
		528E12A6284C052C0095A77A /* ImagePicker.swift */ = {isa = PBXFileReference; fileEncoding = 4; lastKnownFileType = sourcecode.swift; path = ImagePicker.swift; sourceTree = "<group>"; };
		52ABBB52285FB5D500A1D4E8 /* Chat.swift */ = {isa = PBXFileReference; lastKnownFileType = sourcecode.swift; path = Chat.swift; sourceTree = "<group>"; };
		52C5F8A02843152900F1FA4C /* GoogleService-Info.plist */ = {isa = PBXFileReference; fileEncoding = 4; lastKnownFileType = text.plist.xml; path = "GoogleService-Info.plist"; sourceTree = "<group>"; };
		52C5F8AB284316BE00F1FA4C /* AppDelegate.swift */ = {isa = PBXFileReference; lastKnownFileType = sourcecode.swift; path = AppDelegate.swift; sourceTree = "<group>"; };
		52C5F8AD28431D5800F1FA4C /* ChatApp.entitlements */ = {isa = PBXFileReference; lastKnownFileType = text.plist.entitlements; path = ChatApp.entitlements; sourceTree = "<group>"; };
		52C5F8AE28431FD300F1FA4C /* AuthViewModel.swift */ = {isa = PBXFileReference; lastKnownFileType = sourcecode.swift; path = AuthViewModel.swift; sourceTree = "<group>"; };
		52E21814285E4FE100563AC2 /* ConversationView.swift */ = {isa = PBXFileReference; lastKnownFileType = sourcecode.swift; path = ConversationView.swift; sourceTree = "<group>"; };
		52E21819285E534700563AC2 /* ProfilePicView.swift */ = {isa = PBXFileReference; lastKnownFileType = sourcecode.swift; path = ProfilePicView.swift; sourceTree = "<group>"; };
		52E2181B285E5DAC00563AC2 /* RoundedCornerExtension.swift */ = {isa = PBXFileReference; lastKnownFileType = sourcecode.swift; path = RoundedCornerExtension.swift; sourceTree = "<group>"; };
		52EA6DA92861088A001C3BB5 /* ChatViewModel.swift */ = {isa = PBXFileReference; lastKnownFileType = sourcecode.swift; path = ChatViewModel.swift; sourceTree = "<group>"; };
		52F37F9128420EAE00A98379 /* CustomTabBar.swift */ = {isa = PBXFileReference; lastKnownFileType = sourcecode.swift; path = CustomTabBar.swift; sourceTree = "<group>"; };
		52F37F932842141000A98379 /* TabBarButton.swift */ = {isa = PBXFileReference; lastKnownFileType = sourcecode.swift; path = TabBarButton.swift; sourceTree = "<group>"; };
		52FA64B528566707005CC0DA /* ContactsListView.swift */ = {isa = PBXFileReference; lastKnownFileType = sourcecode.swift; path = ContactsListView.swift; sourceTree = "<group>"; };
		52FA64B728566719005CC0DA /* ChatsListView.swift */ = {isa = PBXFileReference; lastKnownFileType = sourcecode.swift; path = ChatsListView.swift; sourceTree = "<group>"; };
/* End PBXFileReference section */

/* Begin PBXFrameworksBuildPhase section */
		5253D3A02840BBA40005BDF3 /* Frameworks */ = {
			isa = PBXFrameworksBuildPhase;
			buildActionMask = 2147483647;
			files = (
				52C5F8A42843161100F1FA4C /* FirebaseAuth in Frameworks */,
				52C5F8AA2843161100F1FA4C /* FirebaseStorage in Frameworks */,
				52C5F8A62843161100F1FA4C /* FirebaseFirestore in Frameworks */,
				52C5F8A82843161100F1FA4C /* FirebaseFirestoreSwift in Frameworks */,
			);
			runOnlyForDeploymentPostprocessing = 0;
		};
/* End PBXFrameworksBuildPhase section */

/* Begin PBXGroup section */
		523C0CC42844B070002A84B1 /* Onboarding */ = {
			isa = PBXGroup;
			children = (
				523C0CC52844B09D002A84B1 /* OnboardingContainerView.swift */,
				523C0CC72844B1AA002A84B1 /* WelcomeView.swift */,
				523C0CC92844B1B8002A84B1 /* PhoneNumberView.swift */,
				523C0CCB2844B1C5002A84B1 /* VerificationView.swift */,
				523C0CCD2844B1CF002A84B1 /* ProfileView.swift */,
				528E12A6284C052C0095A77A /* ImagePicker.swift */,
				523C0CCF2844B1DC002A84B1 /* SyncContactsView.swift */,
			);
			path = Onboarding;
			sourceTree = "<group>";
		};
		5253D39A2840BBA40005BDF3 = {
			isa = PBXGroup;
			children = (
				5253D3A52840BBA40005BDF3 /* ChatApp */,
				5253D3A42840BBA40005BDF3 /* Products */,
			);
			sourceTree = "<group>";
		};
		5253D3A42840BBA40005BDF3 /* Products */ = {
			isa = PBXGroup;
			children = (
				5253D3A32840BBA40005BDF3 /* ChatApp.app */,
			);
			name = Products;
			sourceTree = "<group>";
		};
		5253D3A52840BBA40005BDF3 /* ChatApp */ = {
			isa = PBXGroup;
			children = (
				52C5F8AD28431D5800F1FA4C /* ChatApp.entitlements */,
				5253D3C02840C4AF0005BDF3 /* Info.plist */,
				52C5F8A02843152900F1FA4C /* GoogleService-Info.plist */,
				52C5F8AB284316BE00F1FA4C /* AppDelegate.swift */,
				5253D3A62840BBA40005BDF3 /* ChatApp.swift */,
				5253D3B42840BBB30005BDF3 /* Views */,
				5253D3B52840BBBB0005BDF3 /* ViewModels */,
				5253D3B62840BBC80005BDF3 /* Models */,
				5253D3B72840BBCF0005BDF3 /* Services */,
				5253D3B82840BBD80005BDF3 /* Helpers */,
				5253D3B92840BBE70005BDF3 /* Fonts */,
				5253D3AA2840BBA60005BDF3 /* Assets.xcassets */,
				5253D3AC2840BBA60005BDF3 /* Preview Content */,
			);
			path = ChatApp;
			sourceTree = "<group>";
		};
		5253D3AC2840BBA60005BDF3 /* Preview Content */ = {
			isa = PBXGroup;
			children = (
				5253D3AD2840BBA60005BDF3 /* Preview Assets.xcassets */,
			);
			path = "Preview Content";
			sourceTree = "<group>";
		};
		5253D3B42840BBB30005BDF3 /* Views */ = {
			isa = PBXGroup;
			children = (
				5253D3A82840BBA40005BDF3 /* RootView.swift */,
				523C0CC42844B070002A84B1 /* Onboarding */,
				52FA64B4285666F5005CC0DA /* Chats View */,
				52FA64B3285666E9005CC0DA /* Contacts View */,
				52F37F9028420E9400A98379 /* Custom Tab Bar */,
				52E21816285E529400563AC2 /* Misc */,
			);
			path = Views;
			sourceTree = "<group>";
		};
		5253D3B52840BBBB0005BDF3 /* ViewModels */ = {
			isa = PBXGroup;
			children = (
				52C5F8AE28431FD300F1FA4C /* AuthViewModel.swift */,
				520D7A8A2845C0B100C8B804 /* ContactsViewModel.swift */,
				52EA6DA92861088A001C3BB5 /* ChatViewModel.swift */,
			);
			path = ViewModels;
			sourceTree = "<group>";
		};
		5253D3B62840BBC80005BDF3 /* Models */ = {
			isa = PBXGroup;
			children = (
				520D7A8C2845C55A00C8B804 /* User.swift */,
				52ABBB52285FB5D500A1D4E8 /* Chat.swift */,
			);
			path = Models;
			sourceTree = "<group>";
		};
		5253D3B72840BBCF0005BDF3 /* Services */ = {
			isa = PBXGroup;
			children = (
				520D7A8E2845C64100C8B804 /* DatabaseService.swift */,
				5262064E28762737009C1170 /* CacheService.swift */,
			);
			path = Services;
			sourceTree = "<group>";
		};
		5253D3B82840BBD80005BDF3 /* Helpers */ = {
			isa = PBXGroup;
			children = (
				5253D3C12840C63E0005BDF3 /* Fonts.swift */,
				523C0CD32844B4E3002A84B1 /* OnboardingButtonsStyle.swift */,
				523C0CD52844BE74002A84B1 /* CreateProfileTextFieldStyle.swift */,
				520D7A902845C91C00C8B804 /* TextHelper.swift */,
				52E2181B285E5DAC00563AC2 /* RoundedCornerExtension.swift */,
				524D7E412868E7CB006DAA3D /* DateHelper.swift */,
			);
			path = Helpers;
			sourceTree = "<group>";
		};
		5253D3B92840BBE70005BDF3 /* Fonts */ = {
			isa = PBXGroup;
			children = (
				5253D3BB2840C4900005BDF3 /* LexendDeca-Bold.ttf */,
				5253D3BC2840C4900005BDF3 /* LexendDeca-Regular.ttf */,
				5253D3BA2840C4900005BDF3 /* LexendDeca-SemiBold.ttf */,
			);
			path = Fonts;
			sourceTree = "<group>";
		};
		52E21816285E529400563AC2 /* Misc */ = {
			isa = PBXGroup;
			children = (
				52E21819285E534700563AC2 /* ProfilePicView.swift */,
			);
			path = Misc;
			sourceTree = "<group>";
		};
		52F37F9028420E9400A98379 /* Custom Tab Bar */ = {
			isa = PBXGroup;
			children = (
				52F37F9128420EAE00A98379 /* CustomTabBar.swift */,
				52F37F932842141000A98379 /* TabBarButton.swift */,
			);
			path = "Custom Tab Bar";
			sourceTree = "<group>";
		};
		52FA64B3285666E9005CC0DA /* Contacts View */ = {
			isa = PBXGroup;
			children = (
				52FA64B528566707005CC0DA /* ContactsListView.swift */,
				5238FB172857ACC400BF7B52 /* ContactRow.swift */,
			);
			path = "Contacts View";
			sourceTree = "<group>";
		};
		52FA64B4285666F5005CC0DA /* Chats View */ = {
			isa = PBXGroup;
			children = (
				52FA64B728566719005CC0DA /* ChatsListView.swift */,
				52E21814285E4FE100563AC2 /* ConversationView.swift */,
				5263F89928721F02009B459D /* ChatListRow.swift */,
			);
			path = "Chats View";
			sourceTree = "<group>";
		};
/* End PBXGroup section */

/* Begin PBXNativeTarget section */
		5253D3A22840BBA40005BDF3 /* ChatApp */ = {
			isa = PBXNativeTarget;
			buildConfigurationList = 5253D3B12840BBA60005BDF3 /* Build configuration list for PBXNativeTarget "ChatApp" */;
			buildPhases = (
				5253D39F2840BBA40005BDF3 /* Sources */,
				5253D3A02840BBA40005BDF3 /* Frameworks */,
				5253D3A12840BBA40005BDF3 /* Resources */,
			);
			buildRules = (
			);
			dependencies = (
			);
			name = ChatApp;
			packageProductDependencies = (
				52C5F8A32843161100F1FA4C /* FirebaseAuth */,
				52C5F8A52843161100F1FA4C /* FirebaseFirestore */,
				52C5F8A72843161100F1FA4C /* FirebaseFirestoreSwift */,
				52C5F8A92843161100F1FA4C /* FirebaseStorage */,
			);
			productName = ChatApp;
			productReference = 5253D3A32840BBA40005BDF3 /* ChatApp.app */;
			productType = "com.apple.product-type.application";
		};
/* End PBXNativeTarget section */

/* Begin PBXProject section */
		5253D39B2840BBA40005BDF3 /* Project object */ = {
			isa = PBXProject;
			attributes = {
				BuildIndependentTargetsInParallel = 1;
				LastSwiftUpdateCheck = 1340;
				LastUpgradeCheck = 1340;
				TargetAttributes = {
					5253D3A22840BBA40005BDF3 = {
						CreatedOnToolsVersion = 13.4;
					};
				};
			};
			buildConfigurationList = 5253D39E2840BBA40005BDF3 /* Build configuration list for PBXProject "ChatApp" */;
			compatibilityVersion = "Xcode 13.0";
			developmentRegion = en;
			hasScannedForEncodings = 0;
			knownRegions = (
				en,
				Base,
			);
			mainGroup = 5253D39A2840BBA40005BDF3;
			packageReferences = (
				52C5F8A22843161100F1FA4C /* XCRemoteSwiftPackageReference "firebase-ios-sdk" */,
			);
			productRefGroup = 5253D3A42840BBA40005BDF3 /* Products */;
			projectDirPath = "";
			projectRoot = "";
			targets = (
				5253D3A22840BBA40005BDF3 /* ChatApp */,
			);
		};
/* End PBXProject section */

/* Begin PBXResourcesBuildPhase section */
		5253D3A12840BBA40005BDF3 /* Resources */ = {
			isa = PBXResourcesBuildPhase;
			buildActionMask = 2147483647;
			files = (
				5253D3BF2840C4900005BDF3 /* LexendDeca-Regular.ttf in Resources */,
				5253D3AE2840BBA60005BDF3 /* Preview Assets.xcassets in Resources */,
				5253D3AB2840BBA60005BDF3 /* Assets.xcassets in Resources */,
				5253D3BE2840C4900005BDF3 /* LexendDeca-Bold.ttf in Resources */,
				5253D3BD2840C4900005BDF3 /* LexendDeca-SemiBold.ttf in Resources */,
				52C5F8A12843152900F1FA4C /* GoogleService-Info.plist in Resources */,
			);
			runOnlyForDeploymentPostprocessing = 0;
		};
/* End PBXResourcesBuildPhase section */

/* Begin PBXSourcesBuildPhase section */
		5253D39F2840BBA40005BDF3 /* Sources */ = {
			isa = PBXSourcesBuildPhase;
			buildActionMask = 2147483647;
			files = (
				520D7A8F2845C64100C8B804 /* DatabaseService.swift in Sources */,
				523C0CD02844B1DC002A84B1 /* SyncContactsView.swift in Sources */,
				52C5F8AC284316BE00F1FA4C /* AppDelegate.swift in Sources */,
				524D7E422868E7CB006DAA3D /* DateHelper.swift in Sources */,
				523C0CC62844B09D002A84B1 /* OnboardingContainerView.swift in Sources */,
				520D7A912845C91C00C8B804 /* TextHelper.swift in Sources */,
				52F37F9228420EAE00A98379 /* CustomTabBar.swift in Sources */,
				523C0CD42844B4E3002A84B1 /* OnboardingButtonsStyle.swift in Sources */,
				5253D3A92840BBA40005BDF3 /* RootView.swift in Sources */,
				52FA64B828566719005CC0DA /* ChatsListView.swift in Sources */,
				523C0CCE2844B1CF002A84B1 /* ProfileView.swift in Sources */,
				520D7A8D2845C55A00C8B804 /* User.swift in Sources */,
				5262064F28762737009C1170 /* CacheService.swift in Sources */,
				5263F89A28721F02009B459D /* ChatListRow.swift in Sources */,
				523C0CC82844B1AA002A84B1 /* WelcomeView.swift in Sources */,
				52C5F8AF28431FD300F1FA4C /* AuthViewModel.swift in Sources */,
				523C0CCA2844B1B8002A84B1 /* PhoneNumberView.swift in Sources */,
				5253D3C22840C63E0005BDF3 /* Fonts.swift in Sources */,
				523C0CCC2844B1C5002A84B1 /* VerificationView.swift in Sources */,
				5238FB182857ACC400BF7B52 /* ContactRow.swift in Sources */,
				523C0CD62844BE74002A84B1 /* CreateProfileTextFieldStyle.swift in Sources */,
				52FA64B628566707005CC0DA /* ContactsListView.swift in Sources */,
				520D7A8B2845C0B100C8B804 /* ContactsViewModel.swift in Sources */,
				528E12A7284C052C0095A77A /* ImagePicker.swift in Sources */,
				52F37F942842141000A98379 /* TabBarButton.swift in Sources */,
				52EA6DAA2861088A001C3BB5 /* ChatViewModel.swift in Sources */,
				52ABBB53285FB5D500A1D4E8 /* Chat.swift in Sources */,
				52E2181C285E5DAC00563AC2 /* RoundedCornerExtension.swift in Sources */,
				5253D3A72840BBA40005BDF3 /* ChatApp.swift in Sources */,
				52E2181A285E534700563AC2 /* ProfilePicView.swift in Sources */,
				52E21815285E4FE100563AC2 /* ConversationView.swift in Sources */,
			);
			runOnlyForDeploymentPostprocessing = 0;
		};
/* End PBXSourcesBuildPhase section */

/* Begin XCBuildConfiguration section */
		5253D3AF2840BBA60005BDF3 /* Debug */ = {
			isa = XCBuildConfiguration;
			buildSettings = {
				ALWAYS_SEARCH_USER_PATHS = NO;
				CLANG_ANALYZER_NONNULL = YES;
				CLANG_ANALYZER_NUMBER_OBJECT_CONVERSION = YES_AGGRESSIVE;
				CLANG_CXX_LANGUAGE_STANDARD = "gnu++17";
				CLANG_ENABLE_MODULES = YES;
				CLANG_ENABLE_OBJC_ARC = YES;
				CLANG_ENABLE_OBJC_WEAK = YES;
				CLANG_WARN_BLOCK_CAPTURE_AUTORELEASING = YES;
				CLANG_WARN_BOOL_CONVERSION = YES;
				CLANG_WARN_COMMA = YES;
				CLANG_WARN_CONSTANT_CONVERSION = YES;
				CLANG_WARN_DEPRECATED_OBJC_IMPLEMENTATIONS = YES;
				CLANG_WARN_DIRECT_OBJC_ISA_USAGE = YES_ERROR;
				CLANG_WARN_DOCUMENTATION_COMMENTS = YES;
				CLANG_WARN_EMPTY_BODY = YES;
				CLANG_WARN_ENUM_CONVERSION = YES;
				CLANG_WARN_INFINITE_RECURSION = YES;
				CLANG_WARN_INT_CONVERSION = YES;
				CLANG_WARN_NON_LITERAL_NULL_CONVERSION = YES;
				CLANG_WARN_OBJC_IMPLICIT_RETAIN_SELF = YES;
				CLANG_WARN_OBJC_LITERAL_CONVERSION = YES;
				CLANG_WARN_OBJC_ROOT_CLASS = YES_ERROR;
				CLANG_WARN_QUOTED_INCLUDE_IN_FRAMEWORK_HEADER = YES;
				CLANG_WARN_RANGE_LOOP_ANALYSIS = YES;
				CLANG_WARN_STRICT_PROTOTYPES = YES;
				CLANG_WARN_SUSPICIOUS_MOVE = YES;
				CLANG_WARN_UNGUARDED_AVAILABILITY = YES_AGGRESSIVE;
				CLANG_WARN_UNREACHABLE_CODE = YES;
				CLANG_WARN__DUPLICATE_METHOD_MATCH = YES;
				COPY_PHASE_STRIP = NO;
				DEBUG_INFORMATION_FORMAT = dwarf;
				ENABLE_STRICT_OBJC_MSGSEND = YES;
				ENABLE_TESTABILITY = YES;
				GCC_C_LANGUAGE_STANDARD = gnu11;
				GCC_DYNAMIC_NO_PIC = NO;
				GCC_NO_COMMON_BLOCKS = YES;
				GCC_OPTIMIZATION_LEVEL = 0;
				GCC_PREPROCESSOR_DEFINITIONS = (
					"DEBUG=1",
					"$(inherited)",
				);
				GCC_WARN_64_TO_32_BIT_CONVERSION = YES;
				GCC_WARN_ABOUT_RETURN_TYPE = YES_ERROR;
				GCC_WARN_UNDECLARED_SELECTOR = YES;
				GCC_WARN_UNINITIALIZED_AUTOS = YES_AGGRESSIVE;
				GCC_WARN_UNUSED_FUNCTION = YES;
				GCC_WARN_UNUSED_VARIABLE = YES;
				IPHONEOS_DEPLOYMENT_TARGET = 15.5;
				MTL_ENABLE_DEBUG_INFO = INCLUDE_SOURCE;
				MTL_FAST_MATH = YES;
				ONLY_ACTIVE_ARCH = YES;
				SDKROOT = iphoneos;
				SWIFT_ACTIVE_COMPILATION_CONDITIONS = DEBUG;
				SWIFT_OPTIMIZATION_LEVEL = "-Onone";
			};
			name = Debug;
		};
		5253D3B02840BBA60005BDF3 /* Release */ = {
			isa = XCBuildConfiguration;
			buildSettings = {
				ALWAYS_SEARCH_USER_PATHS = NO;
				CLANG_ANALYZER_NONNULL = YES;
				CLANG_ANALYZER_NUMBER_OBJECT_CONVERSION = YES_AGGRESSIVE;
				CLANG_CXX_LANGUAGE_STANDARD = "gnu++17";
				CLANG_ENABLE_MODULES = YES;
				CLANG_ENABLE_OBJC_ARC = YES;
				CLANG_ENABLE_OBJC_WEAK = YES;
				CLANG_WARN_BLOCK_CAPTURE_AUTORELEASING = YES;
				CLANG_WARN_BOOL_CONVERSION = YES;
				CLANG_WARN_COMMA = YES;
				CLANG_WARN_CONSTANT_CONVERSION = YES;
				CLANG_WARN_DEPRECATED_OBJC_IMPLEMENTATIONS = YES;
				CLANG_WARN_DIRECT_OBJC_ISA_USAGE = YES_ERROR;
				CLANG_WARN_DOCUMENTATION_COMMENTS = YES;
				CLANG_WARN_EMPTY_BODY = YES;
				CLANG_WARN_ENUM_CONVERSION = YES;
				CLANG_WARN_INFINITE_RECURSION = YES;
				CLANG_WARN_INT_CONVERSION = YES;
				CLANG_WARN_NON_LITERAL_NULL_CONVERSION = YES;
				CLANG_WARN_OBJC_IMPLICIT_RETAIN_SELF = YES;
				CLANG_WARN_OBJC_LITERAL_CONVERSION = YES;
				CLANG_WARN_OBJC_ROOT_CLASS = YES_ERROR;
				CLANG_WARN_QUOTED_INCLUDE_IN_FRAMEWORK_HEADER = YES;
				CLANG_WARN_RANGE_LOOP_ANALYSIS = YES;
				CLANG_WARN_STRICT_PROTOTYPES = YES;
				CLANG_WARN_SUSPICIOUS_MOVE = YES;
				CLANG_WARN_UNGUARDED_AVAILABILITY = YES_AGGRESSIVE;
				CLANG_WARN_UNREACHABLE_CODE = YES;
				CLANG_WARN__DUPLICATE_METHOD_MATCH = YES;
				COPY_PHASE_STRIP = NO;
				DEBUG_INFORMATION_FORMAT = "dwarf-with-dsym";
				ENABLE_NS_ASSERTIONS = NO;
				ENABLE_STRICT_OBJC_MSGSEND = YES;
				GCC_C_LANGUAGE_STANDARD = gnu11;
				GCC_NO_COMMON_BLOCKS = YES;
				GCC_WARN_64_TO_32_BIT_CONVERSION = YES;
				GCC_WARN_ABOUT_RETURN_TYPE = YES_ERROR;
				GCC_WARN_UNDECLARED_SELECTOR = YES;
				GCC_WARN_UNINITIALIZED_AUTOS = YES_AGGRESSIVE;
				GCC_WARN_UNUSED_FUNCTION = YES;
				GCC_WARN_UNUSED_VARIABLE = YES;
				IPHONEOS_DEPLOYMENT_TARGET = 15.5;
				MTL_ENABLE_DEBUG_INFO = NO;
				MTL_FAST_MATH = YES;
				SDKROOT = iphoneos;
				SWIFT_COMPILATION_MODE = wholemodule;
				SWIFT_OPTIMIZATION_LEVEL = "-O";
				VALIDATE_PRODUCT = YES;
			};
			name = Release;
		};
		5253D3B22840BBA60005BDF3 /* Debug */ = {
			isa = XCBuildConfiguration;
			buildSettings = {
				ASSETCATALOG_COMPILER_APPICON_NAME = AppIcon;
				ASSETCATALOG_COMPILER_GLOBAL_ACCENT_COLOR_NAME = AccentColor;
				CODE_SIGN_ENTITLEMENTS = ChatApp/ChatApp.entitlements;
				CODE_SIGN_STYLE = Automatic;
				CURRENT_PROJECT_VERSION = 1;
				DEVELOPMENT_ASSET_PATHS = "\"ChatApp/Preview Content\"";
				DEVELOPMENT_TEAM = XR5G243JM7;
				ENABLE_PREVIEWS = YES;
				GENERATE_INFOPLIST_FILE = YES;
				INFOPLIST_FILE = ChatApp/Info.plist;
				INFOPLIST_KEY_UIApplicationSceneManifest_Generation = YES;
				INFOPLIST_KEY_UIApplicationSupportsIndirectInputEvents = YES;
				INFOPLIST_KEY_UILaunchScreen_Generation = YES;
				INFOPLIST_KEY_UISupportedInterfaceOrientations_iPad = "UIInterfaceOrientationPortrait UIInterfaceOrientationPortraitUpsideDown UIInterfaceOrientationLandscapeLeft UIInterfaceOrientationLandscapeRight";
				INFOPLIST_KEY_UISupportedInterfaceOrientations_iPhone = "UIInterfaceOrientationPortrait UIInterfaceOrientationLandscapeLeft UIInterfaceOrientationLandscapeRight";
				LD_RUNPATH_SEARCH_PATHS = (
					"$(inherited)",
					"@executable_path/Frameworks",
				);
				MARKETING_VERSION = 1.0;
				PRODUCT_BUNDLE_IDENTIFIER = com.codewithvu.ChatApp;
				PRODUCT_NAME = "$(TARGET_NAME)";
				SWIFT_EMIT_LOC_STRINGS = YES;
				SWIFT_VERSION = 5.0;
				TARGETED_DEVICE_FAMILY = "1,2";
			};
			name = Debug;
		};
		5253D3B32840BBA60005BDF3 /* Release */ = {
			isa = XCBuildConfiguration;
			buildSettings = {
				ASSETCATALOG_COMPILER_APPICON_NAME = AppIcon;
				ASSETCATALOG_COMPILER_GLOBAL_ACCENT_COLOR_NAME = AccentColor;
				CODE_SIGN_ENTITLEMENTS = ChatApp/ChatApp.entitlements;
				CODE_SIGN_STYLE = Automatic;
				CURRENT_PROJECT_VERSION = 1;
				DEVELOPMENT_ASSET_PATHS = "\"ChatApp/Preview Content\"";
				DEVELOPMENT_TEAM = XR5G243JM7;
				ENABLE_PREVIEWS = YES;
				GENERATE_INFOPLIST_FILE = YES;
				INFOPLIST_FILE = ChatApp/Info.plist;
				INFOPLIST_KEY_UIApplicationSceneManifest_Generation = YES;
				INFOPLIST_KEY_UIApplicationSupportsIndirectInputEvents = YES;
				INFOPLIST_KEY_UILaunchScreen_Generation = YES;
				INFOPLIST_KEY_UISupportedInterfaceOrientations_iPad = "UIInterfaceOrientationPortrait UIInterfaceOrientationPortraitUpsideDown UIInterfaceOrientationLandscapeLeft UIInterfaceOrientationLandscapeRight";
				INFOPLIST_KEY_UISupportedInterfaceOrientations_iPhone = "UIInterfaceOrientationPortrait UIInterfaceOrientationLandscapeLeft UIInterfaceOrientationLandscapeRight";
				LD_RUNPATH_SEARCH_PATHS = (
					"$(inherited)",
					"@executable_path/Frameworks",
				);
				MARKETING_VERSION = 1.0;
				PRODUCT_BUNDLE_IDENTIFIER = com.codewithvu.ChatApp;
				PRODUCT_NAME = "$(TARGET_NAME)";
				SWIFT_EMIT_LOC_STRINGS = YES;
				SWIFT_VERSION = 5.0;
				TARGETED_DEVICE_FAMILY = "1,2";
			};
			name = Release;
		};
/* End XCBuildConfiguration section */

/* Begin XCConfigurationList section */
		5253D39E2840BBA40005BDF3 /* Build configuration list for PBXProject "ChatApp" */ = {
			isa = XCConfigurationList;
			buildConfigurations = (
				5253D3AF2840BBA60005BDF3 /* Debug */,
				5253D3B02840BBA60005BDF3 /* Release */,
			);
			defaultConfigurationIsVisible = 0;
			defaultConfigurationName = Release;
		};
		5253D3B12840BBA60005BDF3 /* Build configuration list for PBXNativeTarget "ChatApp" */ = {
			isa = XCConfigurationList;
			buildConfigurations = (
				5253D3B22840BBA60005BDF3 /* Debug */,
				5253D3B32840BBA60005BDF3 /* Release */,
			);
			defaultConfigurationIsVisible = 0;
			defaultConfigurationName = Release;
		};
/* End XCConfigurationList section */

/* Begin XCRemoteSwiftPackageReference section */
		52C5F8A22843161100F1FA4C /* XCRemoteSwiftPackageReference "firebase-ios-sdk" */ = {
			isa = XCRemoteSwiftPackageReference;
			repositoryURL = "https://github.com/firebase/firebase-ios-sdk";
			requirement = {
				branch = master;
				kind = branch;
			};
		};
/* End XCRemoteSwiftPackageReference section */

/* Begin XCSwiftPackageProductDependency section */
		52C5F8A32843161100F1FA4C /* FirebaseAuth */ = {
			isa = XCSwiftPackageProductDependency;
			package = 52C5F8A22843161100F1FA4C /* XCRemoteSwiftPackageReference "firebase-ios-sdk" */;
			productName = FirebaseAuth;
		};
		52C5F8A52843161100F1FA4C /* FirebaseFirestore */ = {
			isa = XCSwiftPackageProductDependency;
			package = 52C5F8A22843161100F1FA4C /* XCRemoteSwiftPackageReference "firebase-ios-sdk" */;
			productName = FirebaseFirestore;
		};
		52C5F8A72843161100F1FA4C /* FirebaseFirestoreSwift */ = {
			isa = XCSwiftPackageProductDependency;
			package = 52C5F8A22843161100F1FA4C /* XCRemoteSwiftPackageReference "firebase-ios-sdk" */;
			productName = FirebaseFirestoreSwift;
		};
		52C5F8A92843161100F1FA4C /* FirebaseStorage */ = {
			isa = XCSwiftPackageProductDependency;
			package = 52C5F8A22843161100F1FA4C /* XCRemoteSwiftPackageReference "firebase-ios-sdk" */;
			productName = FirebaseStorage;
		};
/* End XCSwiftPackageProductDependency section */
	};
	rootObject = 5253D39B2840BBA40005BDF3 /* Project object */;
}
