// !$*UTF8*$!
{
	archiveVersion = 1;
	classes = {
	};
	objectVersion = 55;
	objects = {

/* Begin PBXBuildFile section */
		5253D3A72840BBA40005BDF3 /* ChatApp.swift in Sources */ = {isa = PBXBuildFile; fileRef = 5253D3A62840BBA40005BDF3 /* ChatApp.swift */; };
		5253D3A92840BBA40005BDF3 /* RootView.swift in Sources */ = {isa = PBXBuildFile; fileRef = 5253D3A82840BBA40005BDF3 /* RootView.swift */; };
		5253D3AB2840BBA60005BDF3 /* Assets.xcassets in Resources */ = {isa = PBXBuildFile; fileRef = 5253D3AA2840BBA60005BDF3 /* Assets.xcassets */; };
		5253D3AE2840BBA60005BDF3 /* Preview Assets.xcassets in Resources */ = {isa = PBXBuildFile; fileRef = 5253D3AD2840BBA60005BDF3 /* Preview Assets.xcassets */; };
		5253D3BD2840C4900005BDF3 /* LexendDeca-SemiBold.ttf in Resources */ = {isa = PBXBuildFile; fileRef = 5253D3BA2840C4900005BDF3 /* LexendDeca-SemiBold.ttf */; };
		5253D3BE2840C4900005BDF3 /* LexendDeca-Bold.ttf in Resources */ = {isa = PBXBuildFile; fileRef = 5253D3BB2840C4900005BDF3 /* LexendDeca-Bold.ttf */; };
		5253D3BF2840C4900005BDF3 /* LexendDeca-Regular.ttf in Resources */ = {isa = PBXBuildFile; fileRef = 5253D3BC2840C4900005BDF3 /* LexendDeca-Regular.ttf */; };
		5253D3C22840C63E0005BDF3 /* Fonts.swift in Sources */ = {isa = PBXBuildFile; fileRef = 5253D3C12840C63E0005BDF3 /* Fonts.swift */; };
		52C5F8A12843152900F1FA4C /* GoogleService-Info.plist in Resources */ = {isa = PBXBuildFile; fileRef = 52C5F8A02843152900F1FA4C /* GoogleService-Info.plist */; };
		52C5F8A42843161100F1FA4C /* FirebaseAuth in Frameworks */ = {isa = PBXBuildFile; productRef = 52C5F8A32843161100F1FA4C /* FirebaseAuth */; };
		52C5F8A62843161100F1FA4C /* FirebaseFirestore in Frameworks */ = {isa = PBXBuildFile; productRef = 52C5F8A52843161100F1FA4C /* FirebaseFirestore */; };
		52C5F8A82843161100F1FA4C /* FirebaseFirestoreSwift in Frameworks */ = {isa = PBXBuildFile; productRef = 52C5F8A72843161100F1FA4C /* FirebaseFirestoreSwift */; };
		52C5F8AA2843161100F1FA4C /* FirebaseStorage in Frameworks */ = {isa = PBXBuildFile; productRef = 52C5F8A92843161100F1FA4C /* FirebaseStorage */; };
		52C5F8AC284316BE00F1FA4C /* AppDelegate.swift in Sources */ = {isa = PBXBuildFile; fileRef = 52C5F8AB284316BE00F1FA4C /* AppDelegate.swift */; };
		52C5F8AF28431FD300F1FA4C /* AuthViewModel.swift in Sources */ = {isa = PBXBuildFile; fileRef = 52C5F8AE28431FD300F1FA4C /* AuthViewModel.swift */; };
		52F37F9228420EAE00A98379 /* CustomTabBar.swift in Sources */ = {isa = PBXBuildFile; fileRef = 52F37F9128420EAE00A98379 /* CustomTabBar.swift */; };
		52F37F942842141000A98379 /* TabBarButton.swift in Sources */ = {isa = PBXBuildFile; fileRef = 52F37F932842141000A98379 /* TabBarButton.swift */; };
/* End PBXBuildFile section */

/* Begin PBXFileReference section */
		5253D3A32840BBA40005BDF3 /* ChatApp.app */ = {isa = PBXFileReference; explicitFileType = wrapper.application; includeInIndex = 0; path = ChatApp.app; sourceTree = BUILT_PRODUCTS_DIR; };
		5253D3A62840BBA40005BDF3 /* ChatApp.swift */ = {isa = PBXFileReference; lastKnownFileType = sourcecode.swift; path = ChatApp.swift; sourceTree = "<group>"; };
		5253D3A82840BBA40005BDF3 /* RootView.swift */ = {isa = PBXFileReference; lastKnownFileType = sourcecode.swift; path = RootView.swift; sourceTree = "<group>"; };
		5253D3AA2840BBA60005BDF3 /* Assets.xcassets */ = {isa = PBXFileReference; lastKnownFileType = folder.assetcatalog; path = Assets.xcassets; sourceTree = "<group>"; };
		5253D3AD2840BBA60005BDF3 /* Preview Assets.xcassets */ = {isa = PBXFileReference; lastKnownFileType = folder.assetcatalog; path = "Preview Assets.xcassets"; sourceTree = "<group>"; };
		5253D3BA2840C4900005BDF3 /* LexendDeca-SemiBold.ttf */ = {isa = PBXFileReference; lastKnownFileType = file; path = "LexendDeca-SemiBold.ttf"; sourceTree = "<group>"; };
		5253D3BB2840C4900005BDF3 /* LexendDeca-Bold.ttf */ = {isa = PBXFileReference; lastKnownFileType = file; path = "LexendDeca-Bold.ttf"; sourceTree = "<group>"; };
		5253D3BC2840C4900005BDF3 /* LexendDeca-Regular.ttf */ = {isa = PBXFileReference; lastKnownFileType = file; path = "LexendDeca-Regular.ttf"; sourceTree = "<group>"; };
		5253D3C02840C4AF0005BDF3 /* Info.plist */ = {isa = PBXFileReference; lastKnownFileType = text.plist; path = Info.plist; sourceTree = "<group>"; };
		5253D3C12840C63E0005BDF3 /* Fonts.swift */ = {isa = PBXFileReference; lastKnownFileType = sourcecode.swift; path = Fonts.swift; sourceTree = "<group>"; };
		52C5F8A02843152900F1FA4C /* GoogleService-Info.plist */ = {isa = PBXFileReference; fileEncoding = 4; lastKnownFileType = text.plist.xml; path = "GoogleService-Info.plist"; sourceTree = "<group>"; };
		52C5F8AB284316BE00F1FA4C /* AppDelegate.swift */ = {isa = PBXFileReference; lastKnownFileType = sourcecode.swift; path = AppDelegate.swift; sourceTree = "<group>"; };
		52C5F8AD28431D5800F1FA4C /* ChatApp.entitlements */ = {isa = PBXFileReference; lastKnownFileType = text.plist.entitlements; path = ChatApp.entitlements; sourceTree = "<group>"; };
		52C5F8AE28431FD300F1FA4C /* AuthViewModel.swift */ = {isa = PBXFileReference; lastKnownFileType = sourcecode.swift; path = AuthViewModel.swift; sourceTree = "<group>"; };
		52F37F9128420EAE00A98379 /* CustomTabBar.swift */ = {isa = PBXFileReference; lastKnownFileType = sourcecode.swift; path = CustomTabBar.swift; sourceTree = "<group>"; };
		52F37F932842141000A98379 /* TabBarButton.swift */ = {isa = PBXFileReference; lastKnownFileType = sourcecode.swift; path = TabBarButton.swift; sourceTree = "<group>"; };
/* End PBXFileReference section */

/* Begin PBXFrameworksBuildPhase section */
		5253D3A02840BBA40005BDF3 /* Frameworks */ = {
			isa = PBXFrameworksBuildPhase;
			buildActionMask = 2147483647;
			files = (
				52C5F8A42843161100F1FA4C /* FirebaseAuth in Frameworks */,
				52C5F8AA2843161100F1FA4C /* FirebaseStorage in Frameworks */,
				52C5F8A62843161100F1FA4C /* FirebaseFirestore in Frameworks */,
				52C5F8A82843161100F1FA4C /* FirebaseFirestoreSwift in Frameworks */,
			);
			runOnlyForDeploymentPostprocessing = 0;
		};
/* End PBXFrameworksBuildPhase section */

/* Begin PBXGroup section */
		5253D39A2840BBA40005BDF3 = {
			isa = PBXGroup;
			children = (
				5253D3A52840BBA40005BDF3 /* ChatApp */,
				5253D3A42840BBA40005BDF3 /* Products */,
			);
			sourceTree = "<group>";
		};
		5253D3A42840BBA40005BDF3 /* Products */ = {
			isa = PBXGroup;
			children = (
				5253D3A32840BBA40005BDF3 /* ChatApp.app */,
			);
			name = Products;
			sourceTree = "<group>";
		};
		5253D3A52840BBA40005BDF3 /* ChatApp */ = {
			isa = PBXGroup;
			children = (
				52C5F8AD28431D5800F1FA4C /* ChatApp.entitlements */,
				5253D3C02840C4AF0005BDF3 /* Info.plist */,
				52C5F8A02843152900F1FA4C /* GoogleService-Info.plist */,
				52C5F8AB284316BE00F1FA4C /* AppDelegate.swift */,
				5253D3A62840BBA40005BDF3 /* ChatApp.swift */,
				5253D3B42840BBB30005BDF3 /* Views */,
				5253D3B52840BBBB0005BDF3 /* ViewModels */,
				5253D3B62840BBC80005BDF3 /* Models */,
				5253D3B72840BBCF0005BDF3 /* Services */,
				5253D3B82840BBD80005BDF3 /* Helpers */,
				5253D3B92840BBE70005BDF3 /* Fonts */,
				5253D3AA2840BBA60005BDF3 /* Assets.xcassets */,
				5253D3AC2840BBA60005BDF3 /* Preview Content */,
			);
			path = ChatApp;
			sourceTree = "<group>";
		};
		5253D3AC2840BBA60005BDF3 /* Preview Content */ = {
			isa = PBXGroup;
			children = (
				5253D3AD2840BBA60005BDF3 /* Preview Assets.xcassets */,
			);
			path = "Preview Content";
			sourceTree = "<group>";
		};
		5253D3B42840BBB30005BDF3 /* Views */ = {
			isa = PBXGroup;
			children = (
				52F37F9028420E9400A98379 /* Custom Tab Bar */,
				5253D3A82840BBA40005BDF3 /* RootView.swift */,
			);
			path = Views;
			sourceTree = "<group>";
		};
		5253D3B52840BBBB0005BDF3 /* ViewModels */ = {
			isa = PBXGroup;
			children = (
				52C5F8AE28431FD300F1FA4C /* AuthViewModel.swift */,
			);
			path = ViewModels;
			sourceTree = "<group>";
		};
		5253D3B62840BBC80005BDF3 /* Models */ = {
			isa = PBXGroup;
			children = (
			);
			path = Models;
			sourceTree = "<group>";
		};
		5253D3B72840BBCF0005BDF3 /* Services */ = {
			isa = PBXGroup;
			children = (
			);
			path = Services;
			sourceTree = "<group>";
		};
		5253D3B82840BBD80005BDF3 /* Helpers */ = {
			isa = PBXGroup;
			children = (
				5253D3C12840C63E0005BDF3 /* Fonts.swift */,
			);
			path = Helpers;
			sourceTree = "<group>";
		};
		5253D3B92840BBE70005BDF3 /* Fonts */ = {
			isa = PBXGroup;
			children = (
				5253D3BB2840C4900005BDF3 /* LexendDeca-Bold.ttf */,
				5253D3BC2840C4900005BDF3 /* LexendDeca-Regular.ttf */,
				5253D3BA2840C4900005BDF3 /* LexendDeca-SemiBold.ttf */,
			);
			path = Fonts;
			sourceTree = "<group>";
		};
		52F37F9028420E9400A98379 /* Custom Tab Bar */ = {
			isa = PBXGroup;
			children = (
				52F37F9128420EAE00A98379 /* CustomTabBar.swift */,
				52F37F932842141000A98379 /* TabBarButton.swift */,
			);
			path = "Custom Tab Bar";
			sourceTree = "<group>";
		};
/* End PBXGroup section */

/* Begin PBXNativeTarget section */
		5253D3A22840BBA40005BDF3 /* ChatApp */ = {
			isa = PBXNativeTarget;
			buildConfigurationList = 5253D3B12840BBA60005BDF3 /* Build configuration list for PBXNativeTarget "ChatApp" */;
			buildPhases = (
				5253D39F2840BBA40005BDF3 /* Sources */,
				5253D3A02840BBA40005BDF3 /* Frameworks */,
				5253D3A12840BBA40005BDF3 /* Resources */,
			);
			buildRules = (
			);
			dependencies = (
			);
			name = ChatApp;
			packageProductDependencies = (
				52C5F8A32843161100F1FA4C /* FirebaseAuth */,
				52C5F8A52843161100F1FA4C /* FirebaseFirestore */,
				52C5F8A72843161100F1FA4C /* FirebaseFirestoreSwift */,
				52C5F8A92843161100F1FA4C /* FirebaseStorage */,
			);
			productName = ChatApp;
			productReference = 5253D3A32840BBA40005BDF3 /* ChatApp.app */;
			productType = "com.apple.product-type.application";
		};
/* End PBXNativeTarget section */

/* Begin PBXProject section */
		5253D39B2840BBA40005BDF3 /* Project object */ = {
			isa = PBXProject;
			attributes = {
				BuildIndependentTargetsInParallel = 1;
				LastSwiftUpdateCheck = 1340;
				LastUpgradeCheck = 1340;
				TargetAttributes = {
					5253D3A22840BBA40005BDF3 = {
						CreatedOnToolsVersion = 13.4;
					};
				};
			};
			buildConfigurationList = 5253D39E2840BBA40005BDF3 /* Build configuration list for PBXProject "ChatApp" */;
			compatibilityVersion = "Xcode 13.0";
			developmentRegion = en;
			hasScannedForEncodings = 0;
			knownRegions = (
				en,
				Base,
			);
			mainGroup = 5253D39A2840BBA40005BDF3;
			packageReferences = (
				52C5F8A22843161100F1FA4C /* XCRemoteSwiftPackageReference "firebase-ios-sdk" */,
			);
			productRefGroup = 5253D3A42840BBA40005BDF3 /* Products */;
			projectDirPath = "";
			projectRoot = "";
			targets = (
				5253D3A22840BBA40005BDF3 /* ChatApp */,
			);
		};
/* End PBXProject section */

/* Begin PBXResourcesBuildPhase section */
		5253D3A12840BBA40005BDF3 /* Resources */ = {
			isa = PBXResourcesBuildPhase;
			buildActionMask = 2147483647;
			files = (
				5253D3BF2840C4900005BDF3 /* LexendDeca-Regular.ttf in Resources */,
				5253D3AE2840BBA60005BDF3 /* Preview Assets.xcassets in Resources */,
				5253D3AB2840BBA60005BDF3 /* Assets.xcassets in Resources */,
				5253D3BE2840C4900005BDF3 /* LexendDeca-Bold.ttf in Resources */,
				5253D3BD2840C4900005BDF3 /* LexendDeca-SemiBold.ttf in Resources */,
				52C5F8A12843152900F1FA4C /* GoogleService-Info.plist in Resources */,
			);
			runOnlyForDeploymentPostprocessing = 0;
		};
/* End PBXResourcesBuildPhase section */

/* Begin PBXSourcesBuildPhase section */
		5253D39F2840BBA40005BDF3 /* Sources */ = {
			isa = PBXSourcesBuildPhase;
			buildActionMask = 2147483647;
			files = (
				52C5F8AC284316BE00F1FA4C /* AppDelegate.swift in Sources */,
				52F37F9228420EAE00A98379 /* CustomTabBar.swift in Sources */,
				5253D3A92840BBA40005BDF3 /* RootView.swift in Sources */,
				52C5F8AF28431FD300F1FA4C /* AuthViewModel.swift in Sources */,
				5253D3C22840C63E0005BDF3 /* Fonts.swift in Sources */,
				52F37F942842141000A98379 /* TabBarButton.swift in Sources */,
				5253D3A72840BBA40005BDF3 /* ChatApp.swift in Sources */,
			);
			runOnlyForDeploymentPostprocessing = 0;
		};
/* End PBXSourcesBuildPhase section */

/* Begin XCBuildConfiguration section */
		5253D3AF2840BBA60005BDF3 /* Debug */ = {
			isa = XCBuildConfiguration;
			buildSettings = {
				ALWAYS_SEARCH_USER_PATHS = NO;
				CLANG_ANALYZER_NONNULL = YES;
				CLANG_ANALYZER_NUMBER_OBJECT_CONVERSION = YES_AGGRESSIVE;
				CLANG_CXX_LANGUAGE_STANDARD = "gnu++17";
				CLANG_ENABLE_MODULES = YES;
				CLANG_ENABLE_OBJC_ARC = YES;
				CLANG_ENABLE_OBJC_WEAK = YES;
				CLANG_WARN_BLOCK_CAPTURE_AUTORELEASING = YES;
				CLANG_WARN_BOOL_CONVERSION = YES;
				CLANG_WARN_COMMA = YES;
				CLANG_WARN_CONSTANT_CONVERSION = YES;
				CLANG_WARN_DEPRECATED_OBJC_IMPLEMENTATIONS = YES;
				CLANG_WARN_DIRECT_OBJC_ISA_USAGE = YES_ERROR;
				CLANG_WARN_DOCUMENTATION_COMMENTS = YES;
				CLANG_WARN_EMPTY_BODY = YES;
				CLANG_WARN_ENUM_CONVERSION = YES;
				CLANG_WARN_INFINITE_RECURSION = YES;
				CLANG_WARN_INT_CONVERSION = YES;
				CLANG_WARN_NON_LITERAL_NULL_CONVERSION = YES;
				CLANG_WARN_OBJC_IMPLICIT_RETAIN_SELF = YES;
				CLANG_WARN_OBJC_LITERAL_CONVERSION = YES;
				CLANG_WARN_OBJC_ROOT_CLASS = YES_ERROR;
				CLANG_WARN_QUOTED_INCLUDE_IN_FRAMEWORK_HEADER = YES;
				CLANG_WARN_RANGE_LOOP_ANALYSIS = YES;
				CLANG_WARN_STRICT_PROTOTYPES = YES;
				CLANG_WARN_SUSPICIOUS_MOVE = YES;
				CLANG_WARN_UNGUARDED_AVAILABILITY = YES_AGGRESSIVE;
				CLANG_WARN_UNREACHABLE_CODE = YES;
				CLANG_WARN__DUPLICATE_METHOD_MATCH = YES;
				COPY_PHASE_STRIP = NO;
				DEBUG_INFORMATION_FORMAT = dwarf;
				ENABLE_STRICT_OBJC_MSGSEND = YES;
				ENABLE_TESTABILITY = YES;
				GCC_C_LANGUAGE_STANDARD = gnu11;
				GCC_DYNAMIC_NO_PIC = NO;
				GCC_NO_COMMON_BLOCKS = YES;
				GCC_OPTIMIZATION_LEVEL = 0;
				GCC_PREPROCESSOR_DEFINITIONS = (
					"DEBUG=1",
					"$(inherited)",
				);
				GCC_WARN_64_TO_32_BIT_CONVERSION = YES;
				GCC_WARN_ABOUT_RETURN_TYPE = YES_ERROR;
				GCC_WARN_UNDECLARED_SELECTOR = YES;
				GCC_WARN_UNINITIALIZED_AUTOS = YES_AGGRESSIVE;
				GCC_WARN_UNUSED_FUNCTION = YES;
				GCC_WARN_UNUSED_VARIABLE = YES;
				IPHONEOS_DEPLOYMENT_TARGET = 15.5;
				MTL_ENABLE_DEBUG_INFO = INCLUDE_SOURCE;
				MTL_FAST_MATH = YES;
				ONLY_ACTIVE_ARCH = YES;
				SDKROOT = iphoneos;
				SWIFT_ACTIVE_COMPILATION_CONDITIONS = DEBUG;
				SWIFT_OPTIMIZATION_LEVEL = "-Onone";
			};
			name = Debug;
		};
		5253D3B02840BBA60005BDF3 /* Release */ = {
			isa = XCBuildConfiguration;
			buildSettings = {
				ALWAYS_SEARCH_USER_PATHS = NO;
				CLANG_ANALYZER_NONNULL = YES;
				CLANG_ANALYZER_NUMBER_OBJECT_CONVERSION = YES_AGGRESSIVE;
				CLANG_CXX_LANGUAGE_STANDARD = "gnu++17";
				CLANG_ENABLE_MODULES = YES;
				CLANG_ENABLE_OBJC_ARC = YES;
				CLANG_ENABLE_OBJC_WEAK = YES;
				CLANG_WARN_BLOCK_CAPTURE_AUTORELEASING = YES;
				CLANG_WARN_BOOL_CONVERSION = YES;
				CLANG_WARN_COMMA = YES;
				CLANG_WARN_CONSTANT_CONVERSION = YES;
				CLANG_WARN_DEPRECATED_OBJC_IMPLEMENTATIONS = YES;
				CLANG_WARN_DIRECT_OBJC_ISA_USAGE = YES_ERROR;
				CLANG_WARN_DOCUMENTATION_COMMENTS = YES;
				CLANG_WARN_EMPTY_BODY = YES;
				CLANG_WARN_ENUM_CONVERSION = YES;
				CLANG_WARN_INFINITE_RECURSION = YES;
				CLANG_WARN_INT_CONVERSION = YES;
				CLANG_WARN_NON_LITERAL_NULL_CONVERSION = YES;
				CLANG_WARN_OBJC_IMPLICIT_RETAIN_SELF = YES;
				CLANG_WARN_OBJC_LITERAL_CONVERSION = YES;
				CLANG_WARN_OBJC_ROOT_CLASS = YES_ERROR;
				CLANG_WARN_QUOTED_INCLUDE_IN_FRAMEWORK_HEADER = YES;
				CLANG_WARN_RANGE_LOOP_ANALYSIS = YES;
				CLANG_WARN_STRICT_PROTOTYPES = YES;
				CLANG_WARN_SUSPICIOUS_MOVE = YES;
				CLANG_WARN_UNGUARDED_AVAILABILITY = YES_AGGRESSIVE;
				CLANG_WARN_UNREACHABLE_CODE = YES;
				CLANG_WARN__DUPLICATE_METHOD_MATCH = YES;
				COPY_PHASE_STRIP = NO;
				DEBUG_INFORMATION_FORMAT = "dwarf-with-dsym";
				ENABLE_NS_ASSERTIONS = NO;
				ENABLE_STRICT_OBJC_MSGSEND = YES;
				GCC_C_LANGUAGE_STANDARD = gnu11;
				GCC_NO_COMMON_BLOCKS = YES;
				GCC_WARN_64_TO_32_BIT_CONVERSION = YES;
				GCC_WARN_ABOUT_RETURN_TYPE = YES_ERROR;
				GCC_WARN_UNDECLARED_SELECTOR = YES;
				GCC_WARN_UNINITIALIZED_AUTOS = YES_AGGRESSIVE;
				GCC_WARN_UNUSED_FUNCTION = YES;
				GCC_WARN_UNUSED_VARIABLE = YES;
				IPHONEOS_DEPLOYMENT_TARGET = 15.5;
				MTL_ENABLE_DEBUG_INFO = NO;
				MTL_FAST_MATH = YES;
				SDKROOT = iphoneos;
				SWIFT_COMPILATION_MODE = wholemodule;
				SWIFT_OPTIMIZATION_LEVEL = "-O";
				VALIDATE_PRODUCT = YES;
			};
			name = Release;
		};
		5253D3B22840BBA60005BDF3 /* Debug */ = {
			isa = XCBuildConfiguration;
			buildSettings = {
				ASSETCATALOG_COMPILER_APPICON_NAME = AppIcon;
				ASSETCATALOG_COMPILER_GLOBAL_ACCENT_COLOR_NAME = AccentColor;
				CODE_SIGN_ENTITLEMENTS = ChatApp/ChatApp.entitlements;
				CODE_SIGN_STYLE = Automatic;
				CURRENT_PROJECT_VERSION = 1;
				DEVELOPMENT_ASSET_PATHS = "\"ChatApp/Preview Content\"";
				DEVELOPMENT_TEAM = XR5G243JM7;
				ENABLE_PREVIEWS = YES;
				GENERATE_INFOPLIST_FILE = YES;
				INFOPLIST_FILE = ChatApp/Info.plist;
				INFOPLIST_KEY_UIApplicationSceneManifest_Generation = YES;
				INFOPLIST_KEY_UIApplicationSupportsIndirectInputEvents = YES;
				INFOPLIST_KEY_UILaunchScreen_Generation = YES;
				INFOPLIST_KEY_UISupportedInterfaceOrientations_iPad = "UIInterfaceOrientationPortrait UIInterfaceOrientationPortraitUpsideDown UIInterfaceOrientationLandscapeLeft UIInterfaceOrientationLandscapeRight";
				INFOPLIST_KEY_UISupportedInterfaceOrientations_iPhone = "UIInterfaceOrientationPortrait UIInterfaceOrientationLandscapeLeft UIInterfaceOrientationLandscapeRight";
				LD_RUNPATH_SEARCH_PATHS = (
					"$(inherited)",
					"@executable_path/Frameworks",
				);
				MARKETING_VERSION = 1.0;
				PRODUCT_BUNDLE_IDENTIFIER = com.codewithvu.ChatApp;
				PRODUCT_NAME = "$(TARGET_NAME)";
				SWIFT_EMIT_LOC_STRINGS = YES;
				SWIFT_VERSION = 5.0;
				TARGETED_DEVICE_FAMILY = "1,2";
			};
			name = Debug;
		};
		5253D3B32840BBA60005BDF3 /* Release */ = {
			isa = XCBuildConfiguration;
			buildSettings = {
				ASSETCATALOG_COMPILER_APPICON_NAME = AppIcon;
				ASSETCATALOG_COMPILER_GLOBAL_ACCENT_COLOR_NAME = AccentColor;
				CODE_SIGN_ENTITLEMENTS = ChatApp/ChatApp.entitlements;
				CODE_SIGN_STYLE = Automatic;
				CURRENT_PROJECT_VERSION = 1;
				DEVELOPMENT_ASSET_PATHS = "\"ChatApp/Preview Content\"";
				DEVELOPMENT_TEAM = XR5G243JM7;
				ENABLE_PREVIEWS = YES;
				GENERATE_INFOPLIST_FILE = YES;
				INFOPLIST_FILE = ChatApp/Info.plist;
				INFOPLIST_KEY_UIApplicationSceneManifest_Generation = YES;
				INFOPLIST_KEY_UIApplicationSupportsIndirectInputEvents = YES;
				INFOPLIST_KEY_UILaunchScreen_Generation = YES;
				INFOPLIST_KEY_UISupportedInterfaceOrientations_iPad = "UIInterfaceOrientationPortrait UIInterfaceOrientationPortraitUpsideDown UIInterfaceOrientationLandscapeLeft UIInterfaceOrientationLandscapeRight";
				INFOPLIST_KEY_UISupportedInterfaceOrientations_iPhone = "UIInterfaceOrientationPortrait UIInterfaceOrientationLandscapeLeft UIInterfaceOrientationLandscapeRight";
				LD_RUNPATH_SEARCH_PATHS = (
					"$(inherited)",
					"@executable_path/Frameworks",
				);
				MARKETING_VERSION = 1.0;
				PRODUCT_BUNDLE_IDENTIFIER = com.codewithvu.ChatApp;
				PRODUCT_NAME = "$(TARGET_NAME)";
				SWIFT_EMIT_LOC_STRINGS = YES;
				SWIFT_VERSION = 5.0;
				TARGETED_DEVICE_FAMILY = "1,2";
			};
			name = Release;
		};
/* End XCBuildConfiguration section */

/* Begin XCConfigurationList section */
		5253D39E2840BBA40005BDF3 /* Build configuration list for PBXProject "ChatApp" */ = {
			isa = XCConfigurationList;
			buildConfigurations = (
				5253D3AF2840BBA60005BDF3 /* Debug */,
				5253D3B02840BBA60005BDF3 /* Release */,
			);
			defaultConfigurationIsVisible = 0;
			defaultConfigurationName = Release;
		};
		5253D3B12840BBA60005BDF3 /* Build configuration list for PBXNativeTarget "ChatApp" */ = {
			isa = XCConfigurationList;
			buildConfigurations = (
				5253D3B22840BBA60005BDF3 /* Debug */,
				5253D3B32840BBA60005BDF3 /* Release */,
			);
			defaultConfigurationIsVisible = 0;
			defaultConfigurationName = Release;
		};
/* End XCConfigurationList section */

/* Begin XCRemoteSwiftPackageReference section */
		52C5F8A22843161100F1FA4C /* XCRemoteSwiftPackageReference "firebase-ios-sdk" */ = {
			isa = XCRemoteSwiftPackageReference;
			repositoryURL = "https://github.com/firebase/firebase-ios-sdk";
			requirement = {
				branch = master;
				kind = branch;
			};
		};
/* End XCRemoteSwiftPackageReference section */

/* Begin XCSwiftPackageProductDependency section */
		52C5F8A32843161100F1FA4C /* FirebaseAuth */ = {
			isa = XCSwiftPackageProductDependency;
			package = 52C5F8A22843161100F1FA4C /* XCRemoteSwiftPackageReference "firebase-ios-sdk" */;
			productName = FirebaseAuth;
		};
		52C5F8A52843161100F1FA4C /* FirebaseFirestore */ = {
			isa = XCSwiftPackageProductDependency;
			package = 52C5F8A22843161100F1FA4C /* XCRemoteSwiftPackageReference "firebase-ios-sdk" */;
			productName = FirebaseFirestore;
		};
		52C5F8A72843161100F1FA4C /* FirebaseFirestoreSwift */ = {
			isa = XCSwiftPackageProductDependency;
			package = 52C5F8A22843161100F1FA4C /* XCRemoteSwiftPackageReference "firebase-ios-sdk" */;
			productName = FirebaseFirestoreSwift;
		};
		52C5F8A92843161100F1FA4C /* FirebaseStorage */ = {
			isa = XCSwiftPackageProductDependency;
			package = 52C5F8A22843161100F1FA4C /* XCRemoteSwiftPackageReference "firebase-ios-sdk" */;
			productName = FirebaseStorage;
		};
/* End XCSwiftPackageProductDependency section */
	};
	rootObject = 5253D39B2840BBA40005BDF3 /* Project object */;
}
